dependencies:
- name: nats
  repository: https://nats-io.github.io/k8s/helm/charts/
  version: 0.18.3
- name: nginx-ingress
  repository: https://helm.nginx.com/stable
  version: 0.15.2
- name: postgresql
  repository: https://charts.bitnami.com/bitnami
  version: 12.1.6
digest: sha256:c1e352bdc6f5929b637ad55ffaf2a2b6c29118480ed15b184be1ba86c6a1c5ca
generated: "2023-01-21T23:29:33.585794+07:00"
